
Microsoft Visual Studio Solution File, Format Version 12.00
# Visual Studio Version 17
VisualStudioVersion = 17.3.32929.385
MinimumVisualStudioVersion = 10.0.40219.1
Project("{FAE04EC0-301F-11D3-BF4B-00C04F79EFBC}") = "AP_Lab_05_1", "AP_Lab_05_1\AP_Lab_05_1.csproj", "{144784F1-265D-42FB-89B6-A45F9E064940}"
EndProject
Project("{FAE04EC0-301F-11D3-BF4B-00C04F79EFBC}") = "AP_Lab_05_1_UT", "AP_Lab_05_1_UT\AP_Lab_05_1_UT.csproj", "{0F92A7E0-E01E-4DDE-B795-669FC48BDA2A}"
EndProject
Global
	GlobalSection(SolutionConfigurationPlatforms) = preSolution
		Debug|Any CPU = Debug|Any CPU
		Release|Any CPU = Release|Any CPU
	EndGlobalSection
	GlobalSection(ProjectConfigurationPlatforms) = postSolution
		{144784F1-265D-42FB-89B6-A45F9E064940}.Debug|Any CPU.ActiveCfg = Debug|Any CPU
		{144784F1-265D-42FB-89B6-A45F9E064940}.Debug|Any CPU.Build.0 = Debug|Any CPU
		{144784F1-265D-42FB-89B6-A45F9E064940}.Release|Any CPU.ActiveCfg = Release|Any CPU
		{144784F1-265D-42FB-89B6-A45F9E064940}.Release|Any CPU.Build.0 = Release|Any CPU
		{0F92A7E0-E01E-4DDE-B795-669FC48BDA2A}.Debug|Any CPU.ActiveCfg = Debug|Any CPU
		{0F92A7E0-E01E-4DDE-B795-669FC48BDA2A}.Debug|Any CPU.Build.0 = Debug|Any CPU
		{0F92A7E0-E01E-4DDE-B795-669FC48BDA2A}.Release|Any CPU.ActiveCfg = Release|Any CPU
		{0F92A7E0-E01E-4DDE-B795-669FC48BDA2A}.Release|Any CPU.Build.0 = Release|Any CPU
	EndGlobalSection
	GlobalSection(SolutionProperties) = preSolution
		HideSolutionNode = FALSE
	EndGlobalSection
	GlobalSection(ExtensibilityGlobals) = postSolution
		SolutionGuid = {2F5ECB45-DDD6-42B5-9AE7-95477A08B3B1}
	EndGlobalSection
EndGlobal
